
Microsoft Visual Studio Solution File, Format Version 12.00
# Visual Studio Version 16
VisualStudioVersion = 16.0.32126.315
MinimumVisualStudioVersion = 10.0.40219.1
Project("{FAE04EC0-301F-11D3-BF4B-00C04F79EFBC}") = "IndLab1. CG", "IndLab1. CG.csproj", "{EA202840-EBC6-4FCC-8510-C99431B838ED}"
EndProject
Global
	GlobalSection(SolutionConfigurationPlatforms) = preSolution
		Debug|Any CPU = Debug|Any CPU
		Release|Any CPU = Release|Any CPU
	EndGlobalSection
	GlobalSection(ProjectConfigurationPlatforms) = postSolution
		{EA202840-EBC6-4FCC-8510-C99431B838ED}.Debug|Any CPU.ActiveCfg = Debug|Any CPU
		{EA202840-EBC6-4FCC-8510-C99431B838ED}.Debug|Any CPU.Build.0 = Debug|Any CPU
		{EA202840-EBC6-4FCC-8510-C99431B838ED}.Release|Any CPU.ActiveCfg = Release|Any CPU
		{EA202840-EBC6-4FCC-8510-C99431B838ED}.Release|Any CPU.Build.0 = Release|Any CPU
	EndGlobalSection
	GlobalSection(SolutionProperties) = preSolution
		HideSolutionNode = FALSE
	EndGlobalSection
	GlobalSection(ExtensibilityGlobals) = postSolution
		SolutionGuid = {07AB0860-710A-4725-B255-FBE14734716E}
	EndGlobalSection
EndGlobal
